// !$*UTF8*$!
{
	archiveVersion = 1;
	classes = {
	};
	objectVersion = 50;
	objects = {

/* Begin PBXBuildFile section */
		70960EAA23D8081300EC7824 /* AppDelegate.swift in Sources */ = {isa = PBXBuildFile; fileRef = 70960EA923D8081300EC7824 /* AppDelegate.swift */; };
		70960EAC23D8081300EC7824 /* SceneDelegate.swift in Sources */ = {isa = PBXBuildFile; fileRef = 70960EAB23D8081300EC7824 /* SceneDelegate.swift */; };
		70960EAE23D8081300EC7824 /* ViewController.swift in Sources */ = {isa = PBXBuildFile; fileRef = 70960EAD23D8081300EC7824 /* ViewController.swift */; };
		70960EB123D8081300EC7824 /* Main.storyboard in Resources */ = {isa = PBXBuildFile; fileRef = 70960EAF23D8081300EC7824 /* Main.storyboard */; };
		70960EB323D8081400EC7824 /* Assets.xcassets in Resources */ = {isa = PBXBuildFile; fileRef = 70960EB223D8081400EC7824 /* Assets.xcassets */; };
		70960EB623D8081400EC7824 /* LaunchScreen.storyboard in Resources */ = {isa = PBXBuildFile; fileRef = 70960EB423D8081400EC7824 /* LaunchScreen.storyboard */; };
		70960EC123D8081400EC7824 /* sqlite_demoTests.swift in Sources */ = {isa = PBXBuildFile; fileRef = 70960EC023D8081400EC7824 /* sqlite_demoTests.swift */; };
		70960ECC23D8081400EC7824 /* sqlite_demoUITests.swift in Sources */ = {isa = PBXBuildFile; fileRef = 70960ECB23D8081400EC7824 /* sqlite_demoUITests.swift */; };
		75BD930924C98EC300DB42A7 /* ListTableViewCell.swift in Sources */ = {isa = PBXBuildFile; fileRef = 75BD930724C98EC300DB42A7 /* ListTableViewCell.swift */; };
		75BD930A24C98EC300DB42A7 /* ListTableViewCell.xib in Resources */ = {isa = PBXBuildFile; fileRef = 75BD930824C98EC300DB42A7 /* ListTableViewCell.xib */; };
/* End PBXBuildFile section */

/* Begin PBXContainerItemProxy section */
		70960EBD23D8081400EC7824 /* PBXContainerItemProxy */ = {
			isa = PBXContainerItemProxy;
			containerPortal = 70960E9E23D8081300EC7824 /* Project object */;
			proxyType = 1;
			remoteGlobalIDString = 70960EA523D8081300EC7824;
			remoteInfo = sqlite_demo;
		};
		70960EC823D8081400EC7824 /* PBXContainerItemProxy */ = {
			isa = PBXContainerItemProxy;
			containerPortal = 70960E9E23D8081300EC7824 /* Project object */;
			proxyType = 1;
			remoteGlobalIDString = 70960EA523D8081300EC7824;
			remoteInfo = sqlite_demo;
		};
/* End PBXContainerItemProxy section */

/* Begin PBXFileReference section */
		70960EA623D8081300EC7824 /* sqlite_demo.app */ = {isa = PBXFileReference; explicitFileType = wrapper.application; includeInIndex = 0; path = sqlite_demo.app; sourceTree = BUILT_PRODUCTS_DIR; };
		70960EA923D8081300EC7824 /* AppDelegate.swift */ = {isa = PBXFileReference; lastKnownFileType = sourcecode.swift; path = AppDelegate.swift; sourceTree = "<group>"; };
		70960EAB23D8081300EC7824 /* SceneDelegate.swift */ = {isa = PBXFileReference; lastKnownFileType = sourcecode.swift; path = SceneDelegate.swift; sourceTree = "<group>"; };
		70960EAD23D8081300EC7824 /* ViewController.swift */ = {isa = PBXFileReference; lastKnownFileType = sourcecode.swift; path = ViewController.swift; sourceTree = "<group>"; };
		70960EB023D8081300EC7824 /* Base */ = {isa = PBXFileReference; lastKnownFileType = file.storyboard; name = Base; path = Base.lproj/Main.storyboard; sourceTree = "<group>"; };
		70960EB223D8081400EC7824 /* Assets.xcassets */ = {isa = PBXFileReference; lastKnownFileType = folder.assetcatalog; path = Assets.xcassets; sourceTree = "<group>"; };
		70960EB523D8081400EC7824 /* Base */ = {isa = PBXFileReference; lastKnownFileType = file.storyboard; name = Base; path = Base.lproj/LaunchScreen.storyboard; sourceTree = "<group>"; };
		70960EB723D8081400EC7824 /* Info.plist */ = {isa = PBXFileReference; lastKnownFileType = text.plist.xml; path = Info.plist; sourceTree = "<group>"; };
		70960EBC23D8081400EC7824 /* sqlite_demoTests.xctest */ = {isa = PBXFileReference; explicitFileType = wrapper.cfbundle; includeInIndex = 0; path = sqlite_demoTests.xctest; sourceTree = BUILT_PRODUCTS_DIR; };
		70960EC023D8081400EC7824 /* sqlite_demoTests.swift */ = {isa = PBXFileReference; lastKnownFileType = sourcecode.swift; path = sqlite_demoTests.swift; sourceTree = "<group>"; };
		70960EC223D8081400EC7824 /* Info.plist */ = {isa = PBXFileReference; lastKnownFileType = text.plist.xml; path = Info.plist; sourceTree = "<group>"; };
		70960EC723D8081400EC7824 /* sqlite_demoUITests.xctest */ = {isa = PBXFileReference; explicitFileType = wrapper.cfbundle; includeInIndex = 0; path = sqlite_demoUITests.xctest; sourceTree = BUILT_PRODUCTS_DIR; };
		70960ECB23D8081400EC7824 /* sqlite_demoUITests.swift */ = {isa = PBXFileReference; lastKnownFileType = sourcecode.swift; path = sqlite_demoUITests.swift; sourceTree = "<group>"; };
		70960ECD23D8081400EC7824 /* Info.plist */ = {isa = PBXFileReference; lastKnownFileType = text.plist.xml; path = Info.plist; sourceTree = "<group>"; };
		70960EDA23D809D200EC7824 /* libsqlite3.tbd */ = {isa = PBXFileReference; lastKnownFileType = "sourcecode.text-based-dylib-definition"; name = libsqlite3.tbd; path = usr/lib/libsqlite3.tbd; sourceTree = SDKROOT; };
		75BD930724C98EC300DB42A7 /* ListTableViewCell.swift */ = {isa = PBXFileReference; lastKnownFileType = sourcecode.swift; path = ListTableViewCell.swift; sourceTree = "<group>"; };
		75BD930824C98EC300DB42A7 /* ListTableViewCell.xib */ = {isa = PBXFileReference; lastKnownFileType = file.xib; path = ListTableViewCell.xib; sourceTree = "<group>"; };
/* End PBXFileReference section */

/* Begin PBXFrameworksBuildPhase section */
		70960EA323D8081300EC7824 /* Frameworks */ = {
			isa = PBXFrameworksBuildPhase;
			buildActionMask = 2147483647;
			files = (
			);
			runOnlyForDeploymentPostprocessing = 0;
		};
		70960EB923D8081400EC7824 /* Frameworks */ = {
			isa = PBXFrameworksBuildPhase;
			buildActionMask = 2147483647;
			files = (
			);
			runOnlyForDeploymentPostprocessing = 0;
		};
		70960EC423D8081400EC7824 /* Frameworks */ = {
			isa = PBXFrameworksBuildPhase;
			buildActionMask = 2147483647;
			files = (
			);
			runOnlyForDeploymentPostprocessing = 0;
		};
/* End PBXFrameworksBuildPhase section */

/* Begin PBXGroup section */
		70960E9D23D8081300EC7824 = {
			isa = PBXGroup;
			children = (
				70960EA823D8081300EC7824 /* sqlite_demo */,
				70960EBF23D8081400EC7824 /* sqlite_demoTests */,
				70960ECA23D8081400EC7824 /* sqlite_demoUITests */,
				70960EA723D8081300EC7824 /* Products */,
				70960ED923D809D200EC7824 /* Frameworks */,
			);
			sourceTree = "<group>";
		};
		70960EA723D8081300EC7824 /* Products */ = {
			isa = PBXGroup;
			children = (
				70960EA623D8081300EC7824 /* sqlite_demo.app */,
				70960EBC23D8081400EC7824 /* sqlite_demoTests.xctest */,
				70960EC723D8081400EC7824 /* sqlite_demoUITests.xctest */,
			);
			name = Products;
			sourceTree = "<group>";
		};
		70960EA823D8081300EC7824 /* sqlite_demo */ = {
			isa = PBXGroup;
			children = (
				70960EA923D8081300EC7824 /* AppDelegate.swift */,
				70960EAB23D8081300EC7824 /* SceneDelegate.swift */,
				70960EAD23D8081300EC7824 /* ViewController.swift */,
				75BD930724C98EC300DB42A7 /* ListTableViewCell.swift */,
				75BD930824C98EC300DB42A7 /* ListTableViewCell.xib */,
				70960EAF23D8081300EC7824 /* Main.storyboard */,
				70960EB223D8081400EC7824 /* Assets.xcassets */,
				70960EB423D8081400EC7824 /* LaunchScreen.storyboard */,
				70960EB723D8081400EC7824 /* Info.plist */,
			);
			path = sqlite_demo;
			sourceTree = "<group>";
		};
		70960EBF23D8081400EC7824 /* sqlite_demoTests */ = {
			isa = PBXGroup;
			children = (
				70960EC023D8081400EC7824 /* sqlite_demoTests.swift */,
				70960EC223D8081400EC7824 /* Info.plist */,
			);
			path = sqlite_demoTests;
			sourceTree = "<group>";
		};
		70960ECA23D8081400EC7824 /* sqlite_demoUITests */ = {
			isa = PBXGroup;
			children = (
				70960ECB23D8081400EC7824 /* sqlite_demoUITests.swift */,
				70960ECD23D8081400EC7824 /* Info.plist */,
			);
			path = sqlite_demoUITests;
			sourceTree = "<group>";
		};
		70960ED923D809D200EC7824 /* Frameworks */ = {
			isa = PBXGroup;
			children = (
				70960EDA23D809D200EC7824 /* libsqlite3.tbd */,
			);
			name = Frameworks;
			sourceTree = "<group>";
		};
/* End PBXGroup section */

/* Begin PBXNativeTarget section */
		70960EA523D8081300EC7824 /* sqlite_demo */ = {
			isa = PBXNativeTarget;
			buildConfigurationList = 70960ED023D8081400EC7824 /* Build configuration list for PBXNativeTarget "sqlite_demo" */;
			buildPhases = (
				70960EA223D8081300EC7824 /* Sources */,
				70960EA323D8081300EC7824 /* Frameworks */,
				70960EA423D8081300EC7824 /* Resources */,
			);
			buildRules = (
			);
			dependencies = (
			);
			name = sqlite_demo;
			productName = sqlite_demo;
			productReference = 70960EA623D8081300EC7824 /* sqlite_demo.app */;
			productType = "com.apple.product-type.application";
		};
		70960EBB23D8081400EC7824 /* sqlite_demoTests */ = {
			isa = PBXNativeTarget;
			buildConfigurationList = 70960ED323D8081400EC7824 /* Build configuration list for PBXNativeTarget "sqlite_demoTests" */;
			buildPhases = (
				70960EB823D8081400EC7824 /* Sources */,
				70960EB923D8081400EC7824 /* Frameworks */,
				70960EBA23D8081400EC7824 /* Resources */,
			);
			buildRules = (
			);
			dependencies = (
				70960EBE23D8081400EC7824 /* PBXTargetDependency */,
			);
			name = sqlite_demoTests;
			productName = sqlite_demoTests;
			productReference = 70960EBC23D8081400EC7824 /* sqlite_demoTests.xctest */;
			productType = "com.apple.product-type.bundle.unit-test";
		};
		70960EC623D8081400EC7824 /* sqlite_demoUITests */ = {
			isa = PBXNativeTarget;
			buildConfigurationList = 70960ED623D8081400EC7824 /* Build configuration list for PBXNativeTarget "sqlite_demoUITests" */;
			buildPhases = (
				70960EC323D8081400EC7824 /* Sources */,
				70960EC423D8081400EC7824 /* Frameworks */,
				70960EC523D8081400EC7824 /* Resources */,
			);
			buildRules = (
			);
			dependencies = (
				70960EC923D8081400EC7824 /* PBXTargetDependency */,
			);
			name = sqlite_demoUITests;
			productName = sqlite_demoUITests;
			productReference = 70960EC723D8081400EC7824 /* sqlite_demoUITests.xctest */;
			productType = "com.apple.product-type.bundle.ui-testing";
		};
/* End PBXNativeTarget section */

/* Begin PBXProject section */
		70960E9E23D8081300EC7824 /* Project object */ = {
			isa = PBXProject;
			attributes = {
				LastSwiftUpdateCheck = 1130;
				LastUpgradeCheck = 1130;
				ORGANIZATIONNAME = Mac172;
				TargetAttributes = {
					70960EA523D8081300EC7824 = {
						CreatedOnToolsVersion = 11.3;
					};
					70960EBB23D8081400EC7824 = {
						CreatedOnToolsVersion = 11.3;
						TestTargetID = 70960EA523D8081300EC7824;
					};
					70960EC623D8081400EC7824 = {
						CreatedOnToolsVersion = 11.3;
						TestTargetID = 70960EA523D8081300EC7824;
					};
				};
			};
			buildConfigurationList = 70960EA123D8081300EC7824 /* Build configuration list for PBXProject "sqlite_demo" */;
			compatibilityVersion = "Xcode 9.3";
			developmentRegion = en;
			hasScannedForEncodings = 0;
			knownRegions = (
				en,
				Base,
			);
			mainGroup = 70960E9D23D8081300EC7824;
			productRefGroup = 70960EA723D8081300EC7824 /* Products */;
			projectDirPath = "";
			projectRoot = "";
			targets = (
				70960EA523D8081300EC7824 /* sqlite_demo */,
				70960EBB23D8081400EC7824 /* sqlite_demoTests */,
				70960EC623D8081400EC7824 /* sqlite_demoUITests */,
			);
		};
/* End PBXProject section */

/* Begin PBXResourcesBuildPhase section */
		70960EA423D8081300EC7824 /* Resources */ = {
			isa = PBXResourcesBuildPhase;
			buildActionMask = 2147483647;
			files = (
				70960EB623D8081400EC7824 /* LaunchScreen.storyboard in Resources */,
				75BD930A24C98EC300DB42A7 /* ListTableViewCell.xib in Resources */,
				70960EB323D8081400EC7824 /* Assets.xcassets in Resources */,
				70960EB123D8081300EC7824 /* Main.storyboard in Resources */,
			);
			runOnlyForDeploymentPostprocessing = 0;
		};
		70960EBA23D8081400EC7824 /* Resources */ = {
			isa = PBXResourcesBuildPhase;
			buildActionMask = 2147483647;
			files = (
			);
			runOnlyForDeploymentPostprocessing = 0;
		};
		70960EC523D8081400EC7824 /* Resources */ = {
			isa = PBXResourcesBuildPhase;
			buildActionMask = 2147483647;
			files = (
			);
			runOnlyForDeploymentPostprocessing = 0;
		};
/* End PBXResourcesBuildPhase section */

/* Begin PBXSourcesBuildPhase section */
		70960EA223D8081300EC7824 /* Sources */ = {
			isa = PBXSourcesBuildPhase;
			buildActionMask = 2147483647;
			files = (
				70960EAE23D8081300EC7824 /* ViewController.swift in Sources */,
				75BD930924C98EC300DB42A7 /* ListTableViewCell.swift in Sources */,
				70960EAA23D8081300EC7824 /* AppDelegate.swift in Sources */,
				70960EAC23D8081300EC7824 /* SceneDelegate.swift in Sources */,
			);
			runOnlyForDeploymentPostprocessing = 0;
		};
		70960EB823D8081400EC7824 /* Sources */ = {
			isa = PBXSourcesBuildPhase;
			buildActionMask = 2147483647;
			files = (
				70960EC123D8081400EC7824 /* sqlite_demoTests.swift in Sources */,
			);
			runOnlyForDeploymentPostprocessing = 0;
		};
		70960EC323D8081400EC7824 /* Sources */ = {
			isa = PBXSourcesBuildPhase;
			buildActionMask = 2147483647;
			files = (
				70960ECC23D8081400EC7824 /* sqlite_demoUITests.swift in Sources */,
			);
			runOnlyForDeploymentPostprocessing = 0;
		};
/* End PBXSourcesBuildPhase section */

/* Begin PBXTargetDependency section */
		70960EBE23D8081400EC7824 /* PBXTargetDependency */ = {
			isa = PBXTargetDependency;
			target = 70960EA523D8081300EC7824 /* sqlite_demo */;
			targetProxy = 70960EBD23D8081400EC7824 /* PBXContainerItemProxy */;
		};
		70960EC923D8081400EC7824 /* PBXTargetDependency */ = {
			isa = PBXTargetDependency;
			target = 70960EA523D8081300EC7824 /* sqlite_demo */;
			targetProxy = 70960EC823D8081400EC7824 /* PBXContainerItemProxy */;
		};
/* End PBXTargetDependency section */

/* Begin PBXVariantGroup section */
		70960EAF23D8081300EC7824 /* Main.storyboard */ = {
			isa = PBXVariantGroup;
			children = (
				70960EB023D8081300EC7824 /* Base */,
			);
			name = Main.storyboard;
			sourceTree = "<group>";
		};
		70960EB423D8081400EC7824 /* LaunchScreen.storyboard */ = {
			isa = PBXVariantGroup;
			children = (
				70960EB523D8081400EC7824 /* Base */,
			);
			name = LaunchScreen.storyboard;
			sourceTree = "<group>";
		};
/* End PBXVariantGroup section */

/* Begin XCBuildConfiguration section */
		70960ECE23D8081400EC7824 /* Debug */ = {
			isa = XCBuildConfiguration;
			buildSettings = {
				ALWAYS_SEARCH_USER_PATHS = NO;
				CLANG_ANALYZER_NONNULL = YES;
				CLANG_ANALYZER_NUMBER_OBJECT_CONVERSION = YES_AGGRESSIVE;
				CLANG_CXX_LANGUAGE_STANDARD = "gnu++14";
				CLANG_CXX_LIBRARY = "libc++";
				CLANG_ENABLE_MODULES = YES;
				CLANG_ENABLE_OBJC_ARC = YES;
				CLANG_ENABLE_OBJC_WEAK = YES;
				CLANG_WARN_BLOCK_CAPTURE_AUTORELEASING = YES;
				CLANG_WARN_BOOL_CONVERSION = YES;
				CLANG_WARN_COMMA = YES;
				CLANG_WARN_CONSTANT_CONVERSION = YES;
				CLANG_WARN_DEPRECATED_OBJC_IMPLEMENTATIONS = YES;
				CLANG_WARN_DIRECT_OBJC_ISA_USAGE = YES_ERROR;
				CLANG_WARN_DOCUMENTATION_COMMENTS = YES;
				CLANG_WARN_EMPTY_BODY = YES;
				CLANG_WARN_ENUM_CONVERSION = YES;
				CLANG_WARN_INFINITE_RECURSION = YES;
				CLANG_WARN_INT_CONVERSION = YES;
				CLANG_WARN_NON_LITERAL_NULL_CONVERSION = YES;
				CLANG_WARN_OBJC_IMPLICIT_RETAIN_SELF = YES;
				CLANG_WARN_OBJC_LITERAL_CONVERSION = YES;
				CLANG_WARN_OBJC_ROOT_CLASS = YES_ERROR;
				CLANG_WARN_RANGE_LOOP_ANALYSIS = YES;
				CLANG_WARN_STRICT_PROTOTYPES = YES;
				CLANG_WARN_SUSPICIOUS_MOVE = YES;
				CLANG_WARN_UNGUARDED_AVAILABILITY = YES_AGGRESSIVE;
				CLANG_WARN_UNREACHABLE_CODE = YES;
				CLANG_WARN__DUPLICATE_METHOD_MATCH = YES;
				COPY_PHASE_STRIP = NO;
				DEBUG_INFORMATION_FORMAT = dwarf;
				ENABLE_STRICT_OBJC_MSGSEND = YES;
				ENABLE_TESTABILITY = YES;
				GCC_C_LANGUAGE_STANDARD = gnu11;
				GCC_DYNAMIC_NO_PIC = NO;
				GCC_NO_COMMON_BLOCKS = YES;
				GCC_OPTIMIZATION_LEVEL = 0;
				GCC_PREPROCESSOR_DEFINITIONS = (
					"DEBUG=1",
					"$(inherited)",
				);
				GCC_WARN_64_TO_32_BIT_CONVERSION = YES;
				GCC_WARN_ABOUT_RETURN_TYPE = YES_ERROR;
				GCC_WARN_UNDECLARED_SELECTOR = YES;
				GCC_WARN_UNINITIALIZED_AUTOS = YES_AGGRESSIVE;
				GCC_WARN_UNUSED_FUNCTION = YES;
				GCC_WARN_UNUSED_VARIABLE = YES;
				IPHONEOS_DEPLOYMENT_TARGET = 13.2;
				MTL_ENABLE_DEBUG_INFO = INCLUDE_SOURCE;
				MTL_FAST_MATH = YES;
				ONLY_ACTIVE_ARCH = YES;
				SDKROOT = iphoneos;
				SWIFT_ACTIVE_COMPILATION_CONDITIONS = DEBUG;
				SWIFT_OPTIMIZATION_LEVEL = "-Onone";
			};
			name = Debug;
		};
		70960ECF23D8081400EC7824 /* Release */ = {
			isa = XCBuildConfiguration;
			buildSettings = {
				ALWAYS_SEARCH_USER_PATHS = NO;
				CLANG_ANALYZER_NONNULL = YES;
				CLANG_ANALYZER_NUMBER_OBJECT_CONVERSION = YES_AGGRESSIVE;
				CLANG_CXX_LANGUAGE_STANDARD = "gnu++14";
				CLANG_CXX_LIBRARY = "libc++";
				CLANG_ENABLE_MODULES = YES;
				CLANG_ENABLE_OBJC_ARC = YES;
				CLANG_ENABLE_OBJC_WEAK = YES;
				CLANG_WARN_BLOCK_CAPTURE_AUTORELEASING = YES;
				CLANG_WARN_BOOL_CONVERSION = YES;
				CLANG_WARN_COMMA = YES;
				CLANG_WARN_CONSTANT_CONVERSION = YES;
				CLANG_WARN_DEPRECATED_OBJC_IMPLEMENTATIONS = YES;
				CLANG_WARN_DIRECT_OBJC_ISA_USAGE = YES_ERROR;
				CLANG_WARN_DOCUMENTATION_COMMENTS = YES;
				CLANG_WARN_EMPTY_BODY = YES;
				CLANG_WARN_ENUM_CONVERSION = YES;
				CLANG_WARN_INFINITE_RECURSION = YES;
				CLANG_WARN_INT_CONVERSION = YES;
				CLANG_WARN_NON_LITERAL_NULL_CONVERSION = YES;
				CLANG_WARN_OBJC_IMPLICIT_RETAIN_SELF = YES;
				CLANG_WARN_OBJC_LITERAL_CONVERSION = YES;
				CLANG_WARN_OBJC_ROOT_CLASS = YES_ERROR;
				CLANG_WARN_RANGE_LOOP_ANALYSIS = YES;
				CLANG_WARN_STRICT_PROTOTYPES = YES;
				CLANG_WARN_SUSPICIOUS_MOVE = YES;
				CLANG_WARN_UNGUARDED_AVAILABILITY = YES_AGGRESSIVE;
				CLANG_WARN_UNREACHABLE_CODE = YES;
				CLANG_WARN__DUPLICATE_METHOD_MATCH = YES;
				COPY_PHASE_STRIP = NO;
				DEBUG_INFORMATION_FORMAT = "dwarf-with-dsym";
				ENABLE_NS_ASSERTIONS = NO;
				ENABLE_STRICT_OBJC_MSGSEND = YES;
				GCC_C_LANGUAGE_STANDARD = gnu11;
				GCC_NO_COMMON_BLOCKS = YES;
				GCC_WARN_64_TO_32_BIT_CONVERSION = YES;
				GCC_WARN_ABOUT_RETURN_TYPE = YES_ERROR;
				GCC_WARN_UNDECLARED_SELECTOR = YES;
				GCC_WARN_UNINITIALIZED_AUTOS = YES_AGGRESSIVE;
				GCC_WARN_UNUSED_FUNCTION = YES;
				GCC_WARN_UNUSED_VARIABLE = YES;
				IPHONEOS_DEPLOYMENT_TARGET = 13.2;
				MTL_ENABLE_DEBUG_INFO = NO;
				MTL_FAST_MATH = YES;
				SDKROOT = iphoneos;
				SWIFT_COMPILATION_MODE = wholemodule;
				SWIFT_OPTIMIZATION_LEVEL = "-O";
				VALIDATE_PRODUCT = YES;
			};
			name = Release;
		};
		70960ED123D8081400EC7824 /* Debug */ = {
			isa = XCBuildConfiguration;
			buildSettings = {
				ASSETCATALOG_COMPILER_APPICON_NAME = AppIcon;
				CODE_SIGN_STYLE = Automatic;
				INFOPLIST_FILE = sqlite_demo/Info.plist;
				LD_RUNPATH_SEARCH_PATHS = (
					"$(inherited)",
					"@executable_path/Frameworks",
				);
				PRODUCT_BUNDLE_IDENTIFIER = "com.lanetteam.sqlite-demo";
				PRODUCT_NAME = "$(TARGET_NAME)";
				SWIFT_VERSION = 5.0;
				TARGETED_DEVICE_FAMILY = "1,2";
			};
			name = Debug;
		};
		70960ED223D8081400EC7824 /* Release */ = {
			isa = XCBuildConfiguration;
			buildSettings = {
				ASSETCATALOG_COMPILER_APPICON_NAME = AppIcon;
				CODE_SIGN_STYLE = Automatic;
				INFOPLIST_FILE = sqlite_demo/Info.plist;
				LD_RUNPATH_SEARCH_PATHS = (
					"$(inherited)",
					"@executable_path/Frameworks",
				);
				PRODUCT_BUNDLE_IDENTIFIER = "com.lanetteam.sqlite-demo";
				PRODUCT_NAME = "$(TARGET_NAME)";
				SWIFT_VERSION = 5.0;
				TARGETED_DEVICE_FAMILY = "1,2";
			};
			name = Release;
		};
		70960ED423D8081400EC7824 /* Debug */ = {
			isa = XCBuildConfiguration;
			buildSettings = {
				ALWAYS_EMBED_SWIFT_STANDARD_LIBRARIES = YES;
				BUNDLE_LOADER = "$(TEST_HOST)";
				CODE_SIGN_STYLE = Automatic;
				INFOPLIST_FILE = sqlite_demoTests/Info.plist;
				IPHONEOS_DEPLOYMENT_TARGET = 13.2;
				LD_RUNPATH_SEARCH_PATHS = (
					"$(inherited)",
					"@executable_path/Frameworks",
					"@loader_path/Frameworks",
				);
				PRODUCT_BUNDLE_IDENTIFIER = "com.lanetteam.sqlite-demoTests";
				PRODUCT_NAME = "$(TARGET_NAME)";
				SWIFT_VERSION = 5.0;
				TARGETED_DEVICE_FAMILY = "1,2";
				TEST_HOST = "$(BUILT_PRODUCTS_DIR)/sqlite_demo.app/sqlite_demo";
			};
			name = Debug;
		};
		70960ED523D8081400EC7824 /* Release */ = {
			isa = XCBuildConfiguration;
			buildSettings = {
				ALWAYS_EMBED_SWIFT_STANDARD_LIBRARIES = YES;
				BUNDLE_LOADER = "$(TEST_HOST)";
				CODE_SIGN_STYLE = Automatic;
				INFOPLIST_FILE = sqlite_demoTests/Info.plist;
				IPHONEOS_DEPLOYMENT_TARGET = 13.2;
				LD_RUNPATH_SEARCH_PATHS = (
					"$(inherited)",
					"@executable_path/Frameworks",
					"@loader_path/Frameworks",
				);
				PRODUCT_BUNDLE_IDENTIFIER = "com.lanetteam.sqlite-demoTests";
				PRODUCT_NAME = "$(TARGET_NAME)";
				SWIFT_VERSION = 5.0;
				TARGETED_DEVICE_FAMILY = "1,2";
				TEST_HOST = "$(BUILT_PRODUCTS_DIR)/sqlite_demo.app/sqlite_demo";
			};
			name = Release;
		};
		70960ED723D8081400EC7824 /* Debug */ = {
			isa = XCBuildConfiguration;
			buildSettings = {
				ALWAYS_EMBED_SWIFT_STANDARD_LIBRARIES = YES;
				CODE_SIGN_STYLE = Automatic;
				INFOPLIST_FILE = sqlite_demoUITests/Info.plist;
				LD_RUNPATH_SEARCH_PATHS = (
					"$(inherited)",
					"@executable_path/Frameworks",
					"@loader_path/Frameworks",
				);
				PRODUCT_BUNDLE_IDENTIFIER = "com.lanetteam.sqlite-demoUITests";
				PRODUCT_NAME = "$(TARGET_NAME)";
				SWIFT_VERSION = 5.0;
				TARGETED_DEVICE_FAMILY = "1,2";
				TEST_TARGET_NAME = sqlite_demo;
			};
			name = Debug;
		};
		70960ED823D8081400EC7824 /* Release */ = {
			isa = XCBuildConfiguration;
			buildSettings = {
				ALWAYS_EMBED_SWIFT_STANDARD_LIBRARIES = YES;
				CODE_SIGN_STYLE = Automatic;
				INFOPLIST_FILE = sqlite_demoUITests/Info.plist;
				LD_RUNPATH_SEARCH_PATHS = (
					"$(inherited)",
					"@executable_path/Frameworks",
					"@loader_path/Frameworks",
				);
				PRODUCT_BUNDLE_IDENTIFIER = "com.lanetteam.sqlite-demoUITests";
				PRODUCT_NAME = "$(TARGET_NAME)";
				SWIFT_VERSION = 5.0;
				TARGETED_DEVICE_FAMILY = "1,2";
				TEST_TARGET_NAME = sqlite_demo;
			};
			name = Release;
		};
/* End XCBuildConfiguration section */

/* Begin XCConfigurationList section */
		70960EA123D8081300EC7824 /* Build configuration list for PBXProject "sqlite_demo" */ = {
			isa = XCConfigurationList;
			buildConfigurations = (
				70960ECE23D8081400EC7824 /* Debug */,
				70960ECF23D8081400EC7824 /* Release */,
			);
			defaultConfigurationIsVisible = 0;
			defaultConfigurationName = Release;
		};
		70960ED023D8081400EC7824 /* Build configuration list for PBXNativeTarget "sqlite_demo" */ = {
			isa = XCConfigurationList;
			buildConfigurations = (
				70960ED123D8081400EC7824 /* Debug */,
				70960ED223D8081400EC7824 /* Release */,
			);
			defaultConfigurationIsVisible = 0;
			defaultConfigurationName = Release;
		};
		70960ED323D8081400EC7824 /* Build configuration list for PBXNativeTarget "sqlite_demoTests" */ = {
			isa = XCConfigurationList;
			buildConfigurations = (
				70960ED423D8081400EC7824 /* Debug */,
				70960ED523D8081400EC7824 /* Release */,
			);
			defaultConfigurationIsVisible = 0;
			defaultConfigurationName = Release;
		};
		70960ED623D8081400EC7824 /* Build configuration list for PBXNativeTarget "sqlite_demoUITests" */ = {
			isa = XCConfigurationList;
			buildConfigurations = (
				70960ED723D8081400EC7824 /* Debug */,
				70960ED823D8081400EC7824 /* Release */,
			);
			defaultConfigurationIsVisible = 0;
			defaultConfigurationName = Release;
		};
/* End XCConfigurationList section */
	};
	rootObject = 70960E9E23D8081300EC7824 /* Project object */;
}
